Microsoft Visual Studio Solution File, Format Version 12.00
# Visual Studio Version 17
VisualStudioVersion = 17.5.2.0
MinimumVisualStudioVersion = 10.0.40219.1
Project("{FAE04EC0-301F-11D3-BF4B-00C04F79EFBC}") = "Mindfulness", "Mindfulness\Mindfulness.csproj", "{F5A041EF-9B01-A71E-1F8E-AF3BEF206F40}"
EndProject
Project("{FAE04EC0-301F-11D3-BF4B-00C04F79EFBC}") = "Homework", "Homework\Homework.csproj", "{79F5E984-6A3A-63F1-A0E2-2A5FA2C3F90F}"
EndProject
Global
	GlobalSection(SolutionConfigurationPlatforms) = preSolution
		Debug|Any CPU = Debug|Any CPU
		Release|Any CPU = Release|Any CPU
	EndGlobalSection
	GlobalSection(ProjectConfigurationPlatforms) = postSolution
		{F5A041EF-9B01-A71E-1F8E-AF3BEF206F40}.Debug|Any CPU.ActiveCfg = Debug|Any CPU
		{F5A041EF-9B01-A71E-1F8E-AF3BEF206F40}.Debug|Any CPU.Build.0 = Debug|Any CPU
		{F5A041EF-9B01-A71E-1F8E-AF3BEF206F40}.Release|Any CPU.ActiveCfg = Release|Any CPU
		{F5A041EF-9B01-A71E-1F8E-AF3BEF206F40}.Release|Any CPU.Build.0 = Release|Any CPU
		{79F5E984-6A3A-63F1-A0E2-2A5FA2C3F90F}.Debug|Any CPU.ActiveCfg = Debug|Any CPU
		{79F5E984-6A3A-63F1-A0E2-2A5FA2C3F90F}.Debug|Any CPU.Build.0 = Debug|Any CPU
		{79F5E984-6A3A-63F1-A0E2-2A5FA2C3F90F}.Release|Any CPU.ActiveCfg = Release|Any CPU
		{79F5E984-6A3A-63F1-A0E2-2A5FA2C3F90F}.Release|Any CPU.Build.0 = Release|Any CPU
	EndGlobalSection
	GlobalSection(SolutionProperties) = preSolution
		HideSolutionNode = FALSE
	EndGlobalSection
	GlobalSection(ExtensibilityGlobals) = postSolution
		SolutionGuid = {14775304-B610-4A6B-AA6A-CF28E653BB73}
	EndGlobalSection
EndGlobal
