Microsoft Visual Studio Solution File, Format Version 12.00
# Visual Studio Version 17
VisualStudioVersion = 17.5.2.0
MinimumVisualStudioVersion = 10.0.40219.1
Project("{FAE04EC0-301F-11D3-BF4B-00C04F79EFBC}") = "Shapes", "Shapes\Shapes.csproj", "{8777B096-1CF6-CCB0-7C67-961F790D4FEE}"
EndProject
Project("{FAE04EC0-301F-11D3-BF4B-00C04F79EFBC}") = "EternalQuest", "EternalQuest\EternalQuest.csproj", "{1C19A8D2-BBBB-E145-F184-F4EAC2E7CD52}"
EndProject
Global
	GlobalSection(SolutionConfigurationPlatforms) = preSolution
		Debug|Any CPU = Debug|Any CPU
		Release|Any CPU = Release|Any CPU
	EndGlobalSection
	GlobalSection(ProjectConfigurationPlatforms) = postSolution
		{8777B096-1CF6-CCB0-7C67-961F790D4FEE}.Debug|Any CPU.ActiveCfg = Debug|Any CPU
		{8777B096-1CF6-CCB0-7C67-961F790D4FEE}.Debug|Any CPU.Build.0 = Debug|Any CPU
		{8777B096-1CF6-CCB0-7C67-961F790D4FEE}.Release|Any CPU.ActiveCfg = Release|Any CPU
		{8777B096-1CF6-CCB0-7C67-961F790D4FEE}.Release|Any CPU.Build.0 = Release|Any CPU
		{1C19A8D2-BBBB-E145-F184-F4EAC2E7CD52}.Debug|Any CPU.ActiveCfg = Debug|Any CPU
		{1C19A8D2-BBBB-E145-F184-F4EAC2E7CD52}.Debug|Any CPU.Build.0 = Debug|Any CPU
		{1C19A8D2-BBBB-E145-F184-F4EAC2E7CD52}.Release|Any CPU.ActiveCfg = Release|Any CPU
		{1C19A8D2-BBBB-E145-F184-F4EAC2E7CD52}.Release|Any CPU.Build.0 = Release|Any CPU
	EndGlobalSection
	GlobalSection(SolutionProperties) = preSolution
		HideSolutionNode = FALSE
	EndGlobalSection
	GlobalSection(ExtensibilityGlobals) = postSolution
		SolutionGuid = {CBC8495F-B65A-485C-8440-6A214548ADB2}
	EndGlobalSection
EndGlobal
